
Microsoft Visual Studio Solution File, Format Version 12.00
# Visual Studio Version 16
VisualStudioVersion = 16.0.30907.101
MinimumVisualStudioVersion = 10.0.40219.1
Project("{FAE04EC0-301F-11D3-BF4B-00C04F79EFBC}") = "OnlineISSAPI", "OnlineISSAPI.csproj", "{9F35EEF9-795A-4402-ADDF-CCC2DE029CEA}"
EndProject
Global
	GlobalSection(SolutionConfigurationPlatforms) = preSolution
		Debug|Any CPU = Debug|Any CPU
		Release|Any CPU = Release|Any CPU
	EndGlobalSection
	GlobalSection(ProjectConfigurationPlatforms) = postSolution
		{9F35EEF9-795A-4402-ADDF-CCC2DE029CEA}.Debug|Any CPU.ActiveCfg = Debug|Any CPU
		{9F35EEF9-795A-4402-ADDF-CCC2DE029CEA}.Debug|Any CPU.Build.0 = Debug|Any CPU
		{9F35EEF9-795A-4402-ADDF-CCC2DE029CEA}.Release|Any CPU.ActiveCfg = Release|Any CPU
		{9F35EEF9-795A-4402-ADDF-CCC2DE029CEA}.Release|Any CPU.Build.0 = Release|Any CPU
	EndGlobalSection
	GlobalSection(SolutionProperties) = preSolution
		HideSolutionNode = FALSE
	EndGlobalSection
	GlobalSection(ExtensibilityGlobals) = postSolution
		SolutionGuid = {821E5075-E27A-4FE7-85E9-C78BCE81AC41}
	EndGlobalSection
EndGlobal
